
Microsoft Visual Studio Solution File, Format Version 12.00
Project("{FAE04EC0-301F-11D3-BF4B-00C04F79EFBC}") = "Tutorial1", "Tutorial1\Tutorial1.csproj", "{E5E0B095-CE02-42A9-8835-C801D576A825}"
EndProject
Global
	GlobalSection(SolutionConfigurationPlatforms) = preSolution
		Debug|Any CPU = Debug|Any CPU
		Release|Any CPU = Release|Any CPU
	EndGlobalSection
	GlobalSection(ProjectConfigurationPlatforms) = postSolution
		{E5E0B095-CE02-42A9-8835-C801D576A825}.Debug|Any CPU.ActiveCfg = Debug|Any CPU
		{E5E0B095-CE02-42A9-8835-C801D576A825}.Debug|Any CPU.Build.0 = Debug|Any CPU
		{E5E0B095-CE02-42A9-8835-C801D576A825}.Release|Any CPU.ActiveCfg = Release|Any CPU
		{E5E0B095-CE02-42A9-8835-C801D576A825}.Release|Any CPU.Build.0 = Release|Any CPU
	EndGlobalSection
EndGlobal
